<?xml version="1.0" encoding="utf-8"?>
<Project ToolsVersion="4.0" xmlns="http://schemas.microsoft.com/developer/msbuild/2003">
  <ItemGroup>
    <Filter Include="源文件">
      <UniqueIdentifier>{4FC737F1-C7A5-4376-A066-2A32D752A2FF}</UniqueIdentifier>
      <Extensions>cpp;c;cc;cxx;def;odl;idl;hpj;bat;asm;asmx</Extensions>
    </Filter>
    <Filter Include="头文件">
      <UniqueIdentifier>{93995380-89BD-4b04-88EB-625FBE52EBFB}</UniqueIdentifier>
      <Extensions>h;hh;hpp;hxx;hm;inl;inc;ipp;xsd</Extensions>
    </Filter>
    <Filter Include="资源文件">
      <UniqueIdentifier>{67DA6AB6-F800-4c08-8B7A-83BB121AAD01}</UniqueIdentifier>
      <Extensions>rc;ico;cur;bmp;dlg;rc2;rct;bin;rgs;gif;jpg;jpeg;jpe;resx;tiff;tif;png;wav;mfcribbon-ms</Extensions>
    </Filter>
  </ItemGroup>
  <ItemGroup>
    <ClInclude Include="utility\blob.hpp">
      <Filter>头文件</Filter>
    </ClInclude>
    <ClInclude Include="utility\priority_queue.hpp">
      <Filter>头文件</Filter>
    </ClInclude>
    <ClInclude Include="utility\uid.hpp">
      <Filter>头文件</Filter>
    </ClInclude>
    <ClInclude Include="utility\utility.hpp">
      <Filter>头文件</Filter>
    </ClInclude>
    <ClInclude Include="devs\core\typedef.hpp">
      <Filter>头文件</Filter>
    </ClInclude>
    <ClInclude Include="devs\core\abstract_atomic.hpp">
      <Filter>头文件</Filter>
    </ClInclude>
    <ClInclude Include="devs\core\time.hpp">
      <Filter>头文件</Filter>
    </ClInclude>
    <ClInclude Include="devs\handler\schedule_buffer_node.hpp">
      <Filter>头文件</Filter>
    </ClInclude>
    <ClInclude Include="devs\core\hub.hpp">
      <Filter>头文件</Filter>
    </ClInclude>
    <ClInclude Include="devs\core\ju.hpp">
      <Filter>头文件</Filter>
    </ClInclude>
    <ClInclude Include="utility\math.hpp">
      <Filter>头文件</Filter>
    </ClInclude>
    <ClInclude Include="devs\message\interior_msg.hpp">
      <Filter>头文件</Filter>
    </ClInclude>
    <ClInclude Include="devs\message\joint_msg_2.hpp">
      <Filter>头文件</Filter>
    </ClInclude>
    <ClInclude Include="devs\message\joint_msg_3.hpp">
      <Filter>头文件</Filter>
    </ClInclude>
    <ClInclude Include="devs\message\joint_msg_7.hpp">
      <Filter>头文件</Filter>
    </ClInclude>
    <ClInclude Include="devs\message\joint_msg_base.hpp">
      <Filter>头文件</Filter>
    </ClInclude>
    <ClInclude Include="devs\message\local_msg.hpp">
      <Filter>头文件</Filter>
    </ClInclude>
    <ClInclude Include="devs\message\msg_type.hpp">
      <Filter>头文件</Filter>
    </ClInclude>
    <ClInclude Include="devs\message\message.hpp">
      <Filter>头文件</Filter>
    </ClInclude>
    <ClInclude Include="devs\handler\track_infomation.hpp">
      <Filter>头文件</Filter>
    </ClInclude>
    <ClInclude Include="devs\handler\track_number_handler.h">
      <Filter>头文件</Filter>
    </ClInclude>
    <ClInclude Include="devs\handler\time_interval_handler.hpp">
      <Filter>头文件</Filter>
    </ClInclude>
    <ClInclude Include="devs\message\track_platform_type.hpp">
      <Filter>头文件</Filter>
    </ClInclude>
    <ClInclude Include="devs\core\ju_component.hpp">
      <Filter>头文件</Filter>
    </ClInclude>
    <ClInclude Include="devs\core\core_ju_component\print_component.hpp">
      <Filter>头文件</Filter>
    </ClInclude>
    <ClInclude Include="devs\core\core_ju_component\core_broadcast_component.hpp">
      <Filter>头文件</Filter>
    </ClInclude>
    <ClInclude Include="devs\core\core_ju_component\core_period_broadcast_component.hpp">
      <Filter>头文件</Filter>
    </ClInclude>
    <ClInclude Include="devs\rule\rule_a.hpp">
      <Filter>头文件</Filter>
    </ClInclude>
    <ClInclude Include="utility\sync\list.hpp">
      <Filter>头文件</Filter>
    </ClInclude>
    <ClInclude Include="utility\sync\map.hpp">
      <Filter>头文件</Filter>
    </ClInclude>
    <ClInclude Include="devs\core\core_ju_component\core_reporting_responsibility_component.hpp">
      <Filter>头文件</Filter>
    </ClInclude>
    <ClInclude Include="devs\handler\message_stream_handler.hpp">
      <Filter>头文件</Filter>
    </ClInclude>
    <ClInclude Include="devs\handler\lua_inject_handler.hpp">
      <Filter>头文件</Filter>
    </ClInclude>
    <ClInclude Include="devs\core\ju_script_component.hpp">
      <Filter>头文件</Filter>
    </ClInclude>
  </ItemGroup>
  <ItemGroup>
    <ClCompile Include="main.cpp">
      <Filter>源文件</Filter>
    </ClCompile>
    <ClCompile Include="devs\core\ju.cpp">
      <Filter>源文件</Filter>
    </ClCompile>
    <ClCompile Include="devs\core\hub.cpp">
      <Filter>源文件</Filter>
    </ClCompile>
    <ClCompile Include="devs\core\core_ju_component\core_broadcast_component.cpp">
      <Filter>源文件</Filter>
    </ClCompile>
    <ClCompile Include="devs\core\core_ju_component\core_period_broadcast_component.cpp">
      <Filter>源文件</Filter>
    </ClCompile>
    <ClCompile Include="devs\rule\rule_a.cpp">
      <Filter>源文件</Filter>
    </ClCompile>
    <ClCompile Include="devs\core\core_ju_component\core_reporting_responsibility_component.cpp">
      <Filter>源文件</Filter>
    </ClCompile>
  </ItemGroup>
  <ItemGroup>
    <None Include="devs\message\msg_type_name.def">
      <Filter>源文件</Filter>
    </None>
  </ItemGroup>
</Project>