
Microsoft Visual Studio Solution File, Format Version 12.00
# Visual Studio 15
VisualStudioVersion = 15.0.28307.757
MinimumVisualStudioVersion = 10.0.40219.1
Project("{8BC9CEB8-8B4A-11D0-8D11-00A0C91BC942}") = "DataLinkV5", "DataLinkV5\DataLinkV5.vcxproj", "{3AC1F823-3581-4082-9302-73291DA96DF4}"
EndProject
Project("{2150E333-8FDC-42A3-9474-1A3956D46DE8}") = "Lib", "Lib", "{B08B2201-0828-4AFC-9B10-3DC04F7DBC84}"
EndProject
Project("{8BC9CEB8-8B4A-11D0-8D11-00A0C91BC942}") = "Adevs", "Lib\Adevs\Adevs.vcxproj", "{B1169E35-F784-462D-93AF-AE1C6EE3093B}"
EndProject
Project("{8BC9CEB8-8B4A-11D0-8D11-00A0C91BC942}") = "Lua", "Lib\Lua\Lua.vcxproj", "{00850E1B-E98F-4F08-BF05-9024ECA987D2}"
EndProject
Project("{8BC9CEB8-8B4A-11D0-8D11-00A0C91BC942}") = "CppAndLua", "Experiment\CppAndLua\CppAndLua.vcxproj", "{7BA06FDF-FD25-481B-89BD-BCC6FA1E5789}"
EndProject
Project("{2150E333-8FDC-42A3-9474-1A3956D46DE8}") = "Experiment", "Experiment", "{2C921DEE-2FE7-4154-8BC7-62FBD2AB2905}"
EndProject
Global
	GlobalSection(SolutionConfigurationPlatforms) = preSolution
		Debug|x64 = Debug|x64
		Debug|x86 = Debug|x86
		Release|x64 = Release|x64
		Release|x86 = Release|x86
	EndGlobalSection
	GlobalSection(ProjectConfigurationPlatforms) = postSolution
		{3AC1F823-3581-4082-9302-73291DA96DF4}.Debug|x64.ActiveCfg = Debug|Win32
		{3AC1F823-3581-4082-9302-73291DA96DF4}.Debug|x86.ActiveCfg = Debug|Win32
		{3AC1F823-3581-4082-9302-73291DA96DF4}.Debug|x86.Build.0 = Debug|Win32
		{3AC1F823-3581-4082-9302-73291DA96DF4}.Release|x64.ActiveCfg = Release|Win32
		{3AC1F823-3581-4082-9302-73291DA96DF4}.Release|x86.ActiveCfg = Debug|Win32
		{3AC1F823-3581-4082-9302-73291DA96DF4}.Release|x86.Build.0 = Debug|Win32
		{B1169E35-F784-462D-93AF-AE1C6EE3093B}.Debug|x64.ActiveCfg = Debug|Win32
		{B1169E35-F784-462D-93AF-AE1C6EE3093B}.Debug|x86.ActiveCfg = Debug|Win32
		{B1169E35-F784-462D-93AF-AE1C6EE3093B}.Debug|x86.Build.0 = Debug|Win32
		{B1169E35-F784-462D-93AF-AE1C6EE3093B}.Release|x64.ActiveCfg = Release|Win32
		{B1169E35-F784-462D-93AF-AE1C6EE3093B}.Release|x86.ActiveCfg = Debug|Win32
		{B1169E35-F784-462D-93AF-AE1C6EE3093B}.Release|x86.Build.0 = Debug|Win32
		{00850E1B-E98F-4F08-BF05-9024ECA987D2}.Debug|x64.ActiveCfg = Debug|Win32
		{00850E1B-E98F-4F08-BF05-9024ECA987D2}.Debug|x86.ActiveCfg = Debug|Win32
		{00850E1B-E98F-4F08-BF05-9024ECA987D2}.Debug|x86.Build.0 = Debug|Win32
		{00850E1B-E98F-4F08-BF05-9024ECA987D2}.Release|x64.ActiveCfg = Release|Win32
		{00850E1B-E98F-4F08-BF05-9024ECA987D2}.Release|x86.ActiveCfg = Debug|Win32
		{00850E1B-E98F-4F08-BF05-9024ECA987D2}.Release|x86.Build.0 = Debug|Win32
		{7BA06FDF-FD25-481B-89BD-BCC6FA1E5789}.Debug|x64.ActiveCfg = Debug|x64
		{7BA06FDF-FD25-481B-89BD-BCC6FA1E5789}.Debug|x64.Build.0 = Debug|x64
		{7BA06FDF-FD25-481B-89BD-BCC6FA1E5789}.Debug|x86.ActiveCfg = Debug|Win32
		{7BA06FDF-FD25-481B-89BD-BCC6FA1E5789}.Debug|x86.Build.0 = Debug|Win32
		{7BA06FDF-FD25-481B-89BD-BCC6FA1E5789}.Release|x64.ActiveCfg = Release|x64
		{7BA06FDF-FD25-481B-89BD-BCC6FA1E5789}.Release|x64.Build.0 = Release|x64
		{7BA06FDF-FD25-481B-89BD-BCC6FA1E5789}.Release|x86.ActiveCfg = Release|Win32
		{7BA06FDF-FD25-481B-89BD-BCC6FA1E5789}.Release|x86.Build.0 = Release|Win32
	EndGlobalSection
	GlobalSection(SolutionProperties) = preSolution
		HideSolutionNode = FALSE
	EndGlobalSection
	GlobalSection(NestedProjects) = preSolution
		{B1169E35-F784-462D-93AF-AE1C6EE3093B} = {B08B2201-0828-4AFC-9B10-3DC04F7DBC84}
		{00850E1B-E98F-4F08-BF05-9024ECA987D2} = {B08B2201-0828-4AFC-9B10-3DC04F7DBC84}
		{7BA06FDF-FD25-481B-89BD-BCC6FA1E5789} = {2C921DEE-2FE7-4154-8BC7-62FBD2AB2905}
	EndGlobalSection
	GlobalSection(ExtensibilityGlobals) = postSolution
		SolutionGuid = {30E262B3-F331-4287-9CAF-63F7AA3DC8D2}
	EndGlobalSection
EndGlobal
