<?xml version="1.0" encoding="utf-8"?>
<Project ToolsVersion="4.0" xmlns="http://schemas.microsoft.com/developer/msbuild/2003">
  <ItemGroup>
    <Filter Include="源文件">
      <UniqueIdentifier>{4FC737F1-C7A5-4376-A066-2A32D752A2FF}</UniqueIdentifier>
      <Extensions>cpp;c;cc;cxx;def;odl;idl;hpj;bat;asm;asmx</Extensions>
    </Filter>
    <Filter Include="源文件\utility">
      <UniqueIdentifier>{0095b01f-3be0-493d-87c9-9e22ee081798}</UniqueIdentifier>
    </Filter>
    <Filter Include="头文件">
      <UniqueIdentifier>{93995380-89BD-4b04-88EB-625FBE52EBFB}</UniqueIdentifier>
      <Extensions>h;hh;hpp;hxx;hm;inl;inc;ipp;xsd</Extensions>
    </Filter>
    <Filter Include="头文件\devs">
      <UniqueIdentifier>{bdebee89-461a-4cfd-976f-ff6079c235a7}</UniqueIdentifier>
    </Filter>
    <Filter Include="头文件\utility">
      <UniqueIdentifier>{06641b03-efb2-4df4-b654-2179259bf131}</UniqueIdentifier>
    </Filter>
    <Filter Include="头文件\utility\sync">
      <UniqueIdentifier>{524ff15f-5202-4c22-91fb-39fbce471c29}</UniqueIdentifier>
    </Filter>
    <Filter Include="源文件\devs">
      <UniqueIdentifier>{bc7cdd43-ca53-479d-96aa-62047311fccd}</UniqueIdentifier>
    </Filter>
    <Filter Include="头文件\devs\message">
      <UniqueIdentifier>{139fbc48-f1d6-4ea1-9e10-d12356d62984}</UniqueIdentifier>
    </Filter>
    <Filter Include="头文件\devs\component">
      <UniqueIdentifier>{085cce26-4f0a-4bdf-8c62-5976764e6b52}</UniqueIdentifier>
    </Filter>
    <Filter Include="源文件\devs\component">
      <UniqueIdentifier>{ba8e18d3-70bf-4665-b716-e29e4abc3cd6}</UniqueIdentifier>
    </Filter>
  </ItemGroup>
  <ItemGroup>
    <ClInclude Include="utility\blob.hpp">
      <Filter>头文件\utility</Filter>
    </ClInclude>
    <ClInclude Include="utility\priority_queue.hpp">
      <Filter>头文件\utility</Filter>
    </ClInclude>
    <ClInclude Include="utility\sync\map.hpp">
      <Filter>头文件\utility\sync</Filter>
    </ClInclude>
    <ClInclude Include="utility\sync\list.hpp">
      <Filter>头文件\utility\sync</Filter>
    </ClInclude>
    <ClInclude Include="devs\atomic.hpp">
      <Filter>头文件\devs</Filter>
    </ClInclude>
    <ClInclude Include="devs\typedef.hpp">
      <Filter>头文件\devs</Filter>
    </ClInclude>
    <ClInclude Include="utility\utility.hpp">
      <Filter>头文件\utility</Filter>
    </ClInclude>
    <ClInclude Include="devs\hub.hpp">
      <Filter>头文件\devs</Filter>
    </ClInclude>
    <ClInclude Include="devs\message\msg_type.hpp">
      <Filter>头文件\devs\message</Filter>
    </ClInclude>
    <ClInclude Include="devs\message\joint_msg.hpp">
      <Filter>头文件\devs\message</Filter>
    </ClInclude>
    <ClInclude Include="devs\message\track_platform_type.hpp">
      <Filter>头文件\devs\message</Filter>
    </ClInclude>
    <ClInclude Include="devs\message\local_msg.hpp">
      <Filter>头文件\devs\message</Filter>
    </ClInclude>
    <ClInclude Include="devs\message\message.hpp">
      <Filter>头文件\devs\message</Filter>
    </ClInclude>
    <ClInclude Include="utility\uid_handler.hpp">
      <Filter>头文件\utility</Filter>
    </ClInclude>
    <ClInclude Include="devs\ju.hpp">
      <Filter>头文件\devs</Filter>
    </ClInclude>
    <ClInclude Include="devs\global_time.hpp">
      <Filter>头文件\devs</Filter>
    </ClInclude>
    <ClInclude Include="devs\ju_component.hpp">
      <Filter>头文件\devs</Filter>
    </ClInclude>
    <ClInclude Include="devs\component\RuleA.hpp">
      <Filter>头文件\devs\component</Filter>
    </ClInclude>
    <ClInclude Include="devs\component\rule_broadcast.hpp">
      <Filter>头文件\devs\component</Filter>
    </ClInclude>
    <ClInclude Include="devs\component\reporting_responsibility.hpp">
      <Filter>头文件\devs\component</Filter>
    </ClInclude>
    <ClInclude Include="devs\handler.hpp">
      <Filter>头文件\devs</Filter>
    </ClInclude>
    <ClInclude Include="devs\component\RuleC.hpp">
      <Filter>头文件\devs\component</Filter>
    </ClInclude>
    <ClInclude Include="devs\component\RuleD.hpp">
      <Filter>头文件\devs\component</Filter>
    </ClInclude>
    <ClInclude Include="devs\component\RuleE.hpp">
      <Filter>头文件\devs\component</Filter>
    </ClInclude>
    <ClInclude Include="devs\component\RuleF.h">
      <Filter>头文件\devs\component</Filter>
    </ClInclude>
    <ClInclude Include="devs\component\RuleG.h">
      <Filter>头文件\devs\component</Filter>
    </ClInclude>
    <ClInclude Include="devs\component\RuleH.h">
      <Filter>头文件\devs\component</Filter>
    </ClInclude>
    <ClInclude Include="devs\component\RuleI.h">
      <Filter>头文件\devs\component</Filter>
    </ClInclude>
  </ItemGroup>
  <ItemGroup>
    <ClCompile Include="Main.cpp" />
    <ClCompile Include="devs\hub.cpp">
      <Filter>源文件\devs</Filter>
    </ClCompile>
    <ClCompile Include="devs\ju.cpp">
      <Filter>源文件\devs</Filter>
    </ClCompile>
    <ClCompile Include="devs\component\RuleA.cpp">
      <Filter>源文件\devs\component</Filter>
    </ClCompile>
    <ClCompile Include="devs\component\rule_broadcast.cpp">
      <Filter>源文件\devs\component</Filter>
    </ClCompile>
    <ClCompile Include="devs\component\reporting_responsibility.cpp">
      <Filter>源文件\devs\component</Filter>
    </ClCompile>
    <ClCompile Include="devs\component\RuleC.cpp">
      <Filter>源文件\devs\component</Filter>
    </ClCompile>
    <ClCompile Include="devs\component\RuleD.cpp">
      <Filter>源文件\devs\component</Filter>
    </ClCompile>
    <ClCompile Include="devs\component\RuleE.cpp">
      <Filter>源文件\devs\component</Filter>
    </ClCompile>
    <ClCompile Include="devs\component\RuleF.cpp">
      <Filter>源文件\devs\component</Filter>
    </ClCompile>
    <ClCompile Include="devs\component\RuleG.cpp">
      <Filter>源文件\devs\component</Filter>
    </ClCompile>
    <ClCompile Include="devs\component\RuleH.cpp">
      <Filter>源文件\devs\component</Filter>
    </ClCompile>
    <ClCompile Include="devs\component\RuleI.cpp">
      <Filter>源文件\devs\component</Filter>
    </ClCompile>
  </ItemGroup>
</Project>